
Microsoft Visual Studio Solution File, Format Version 12.00
# Visual Studio 2013
VisualStudioVersion = 12.0.40629.0
MinimumVisualStudioVersion = 10.0.40219.1
Project("{FAE04EC0-301F-11D3-BF4B-00C04F79EFBC}") = "LJC.FrameWork", "LJC.FrameWork\LJC.FrameWork.csproj", "{77C9B3F8-7EC5-4AB4-AD65-3B0CC9E1A914}"
EndProject
Project("{FAE04EC0-301F-11D3-BF4B-00C04F79EFBC}") = "LJC.FrameWork.Net", "LJC.FrameWork.EmailUtility\LumiSoft.Net\Net\Net\LJC.FrameWork.Net.csproj", "{7AB36CCF-5FFD-4780-A54E-A102ECA028B5}"
EndProject
Project("{FAE04EC0-301F-11D3-BF4B-00C04F79EFBC}") = "LJC.FrameWork.SOA", "LJC.FrameWork.SOA\LJC.FrameWork.SOA.csproj", "{B3D600B2-7E0E-44D6-84DD-1528DCFC7554}"
EndProject
Project("{FAE04EC0-301F-11D3-BF4B-00C04F79EFBC}") = "Test", "Test\Test.csproj", "{849698D7-833A-4B6D-8FEC-1AE901D9C321}"
EndProject
Project("{FAE04EC0-301F-11D3-BF4B-00C04F79EFBC}") = "Test2", "Test2\Test2.csproj", "{B0B72738-10D4-4AC5-AA5E-16670A5A937D}"
EndProject
Project("{FAE04EC0-301F-11D3-BF4B-00C04F79EFBC}") = "LJC.FrameWork.Redis", "LJC.FrameWork.Redis\LJC.FrameWork.Redis.csproj", "{2B856845-66A6-4F1B-9853-200A494741A2}"
EndProject
Project("{FAE04EC0-301F-11D3-BF4B-00C04F79EFBC}") = "LJC.FrameWork.RedisTests", "LJC.FrameWork.RedisTests\LJC.FrameWork.RedisTests.csproj", "{12AE7F09-E034-4805-A7A9-2258317ACE3B}"
EndProject
Project("{FAE04EC0-301F-11D3-BF4B-00C04F79EFBC}") = "LJC.FrameWork.WebApi", "LJC.FrameWork.WebApi\LJC.FrameWork.WebApi.csproj", "{DA4B0252-1207-4D12-8C3D-EA07A5285B58}"
EndProject
Project("{FAE04EC0-301F-11D3-BF4B-00C04F79EFBC}") = "LJC.FrameWork.Couchbase", "LJC.FrameWork.Couchbase\LJC.FrameWork.Couchbase.csproj", "{5A3D8DF8-AD9C-43D2-B5F7-D4D457EC4FDE}"
EndProject
Project("{FAE04EC0-301F-11D3-BF4B-00C04F79EFBC}") = "LJC.FrameWork.Data.MongoDBHelper", "LJC.FrameWork.Data.MongoDBHelper\LJC.FrameWork.Data.MongoDBHelper.csproj", "{56868031-8D7B-4E47-9EDF-05192D3E1C46}"
EndProject
Global
	GlobalSection(SolutionConfigurationPlatforms) = preSolution
		Debug|Any CPU = Debug|Any CPU
		Debug|Mixed Platforms = Debug|Mixed Platforms
		Debug|x86 = Debug|x86
		Release|Any CPU = Release|Any CPU
		Release|Mixed Platforms = Release|Mixed Platforms
		Release|x86 = Release|x86
	EndGlobalSection
	GlobalSection(ProjectConfigurationPlatforms) = postSolution
		{77C9B3F8-7EC5-4AB4-AD65-3B0CC9E1A914}.Debug|Any CPU.ActiveCfg = Debug|Any CPU
		{77C9B3F8-7EC5-4AB4-AD65-3B0CC9E1A914}.Debug|Any CPU.Build.0 = Debug|Any CPU
		{77C9B3F8-7EC5-4AB4-AD65-3B0CC9E1A914}.Debug|Mixed Platforms.ActiveCfg = Debug|Any CPU
		{77C9B3F8-7EC5-4AB4-AD65-3B0CC9E1A914}.Debug|Mixed Platforms.Build.0 = Debug|Any CPU
		{77C9B3F8-7EC5-4AB4-AD65-3B0CC9E1A914}.Debug|x86.ActiveCfg = Debug|Any CPU
		{77C9B3F8-7EC5-4AB4-AD65-3B0CC9E1A914}.Release|Any CPU.ActiveCfg = Release|Any CPU
		{77C9B3F8-7EC5-4AB4-AD65-3B0CC9E1A914}.Release|Any CPU.Build.0 = Release|Any CPU
		{77C9B3F8-7EC5-4AB4-AD65-3B0CC9E1A914}.Release|Mixed Platforms.ActiveCfg = Release|Any CPU
		{77C9B3F8-7EC5-4AB4-AD65-3B0CC9E1A914}.Release|Mixed Platforms.Build.0 = Release|Any CPU
		{77C9B3F8-7EC5-4AB4-AD65-3B0CC9E1A914}.Release|x86.ActiveCfg = Release|Any CPU
		{7AB36CCF-5FFD-4780-A54E-A102ECA028B5}.Debug|Any CPU.ActiveCfg = Debug|Any CPU
		{7AB36CCF-5FFD-4780-A54E-A102ECA028B5}.Debug|Any CPU.Build.0 = Debug|Any CPU
		{7AB36CCF-5FFD-4780-A54E-A102ECA028B5}.Debug|Mixed Platforms.ActiveCfg = Debug|Any CPU
		{7AB36CCF-5FFD-4780-A54E-A102ECA028B5}.Debug|Mixed Platforms.Build.0 = Debug|Any CPU
		{7AB36CCF-5FFD-4780-A54E-A102ECA028B5}.Debug|x86.ActiveCfg = Debug|Any CPU
		{7AB36CCF-5FFD-4780-A54E-A102ECA028B5}.Release|Any CPU.ActiveCfg = Release|Any CPU
		{7AB36CCF-5FFD-4780-A54E-A102ECA028B5}.Release|Any CPU.Build.0 = Release|Any CPU
		{7AB36CCF-5FFD-4780-A54E-A102ECA028B5}.Release|Mixed Platforms.ActiveCfg = Release|Any CPU
		{7AB36CCF-5FFD-4780-A54E-A102ECA028B5}.Release|Mixed Platforms.Build.0 = Release|Any CPU
		{7AB36CCF-5FFD-4780-A54E-A102ECA028B5}.Release|x86.ActiveCfg = Release|Any CPU
		{B3D600B2-7E0E-44D6-84DD-1528DCFC7554}.Debug|Any CPU.ActiveCfg = Debug|Any CPU
		{B3D600B2-7E0E-44D6-84DD-1528DCFC7554}.Debug|Any CPU.Build.0 = Debug|Any CPU
		{B3D600B2-7E0E-44D6-84DD-1528DCFC7554}.Debug|Mixed Platforms.ActiveCfg = Debug|Any CPU
		{B3D600B2-7E0E-44D6-84DD-1528DCFC7554}.Debug|Mixed Platforms.Build.0 = Debug|Any CPU
		{B3D600B2-7E0E-44D6-84DD-1528DCFC7554}.Debug|x86.ActiveCfg = Debug|Any CPU
		{B3D600B2-7E0E-44D6-84DD-1528DCFC7554}.Release|Any CPU.ActiveCfg = Release|Any CPU
		{B3D600B2-7E0E-44D6-84DD-1528DCFC7554}.Release|Any CPU.Build.0 = Release|Any CPU
		{B3D600B2-7E0E-44D6-84DD-1528DCFC7554}.Release|Mixed Platforms.ActiveCfg = Release|Any CPU
		{B3D600B2-7E0E-44D6-84DD-1528DCFC7554}.Release|Mixed Platforms.Build.0 = Release|Any CPU
		{B3D600B2-7E0E-44D6-84DD-1528DCFC7554}.Release|x86.ActiveCfg = Release|Any CPU
		{849698D7-833A-4B6D-8FEC-1AE901D9C321}.Debug|Any CPU.ActiveCfg = Debug|Any CPU
		{849698D7-833A-4B6D-8FEC-1AE901D9C321}.Debug|Any CPU.Build.0 = Debug|Any CPU
		{849698D7-833A-4B6D-8FEC-1AE901D9C321}.Debug|Mixed Platforms.ActiveCfg = Debug|Any CPU
		{849698D7-833A-4B6D-8FEC-1AE901D9C321}.Debug|Mixed Platforms.Build.0 = Debug|Any CPU
		{849698D7-833A-4B6D-8FEC-1AE901D9C321}.Debug|x86.ActiveCfg = Debug|Any CPU
		{849698D7-833A-4B6D-8FEC-1AE901D9C321}.Release|Any CPU.ActiveCfg = Release|Any CPU
		{849698D7-833A-4B6D-8FEC-1AE901D9C321}.Release|Any CPU.Build.0 = Release|Any CPU
		{849698D7-833A-4B6D-8FEC-1AE901D9C321}.Release|Mixed Platforms.ActiveCfg = Release|Any CPU
		{849698D7-833A-4B6D-8FEC-1AE901D9C321}.Release|Mixed Platforms.Build.0 = Release|Any CPU
		{849698D7-833A-4B6D-8FEC-1AE901D9C321}.Release|x86.ActiveCfg = Release|Any CPU
		{B0B72738-10D4-4AC5-AA5E-16670A5A937D}.Debug|Any CPU.ActiveCfg = Debug|Any CPU
		{B0B72738-10D4-4AC5-AA5E-16670A5A937D}.Debug|Any CPU.Build.0 = Debug|Any CPU
		{B0B72738-10D4-4AC5-AA5E-16670A5A937D}.Debug|Mixed Platforms.ActiveCfg = Debug|Any CPU
		{B0B72738-10D4-4AC5-AA5E-16670A5A937D}.Debug|Mixed Platforms.Build.0 = Debug|Any CPU
		{B0B72738-10D4-4AC5-AA5E-16670A5A937D}.Debug|x86.ActiveCfg = Debug|Any CPU
		{B0B72738-10D4-4AC5-AA5E-16670A5A937D}.Release|Any CPU.ActiveCfg = Release|Any CPU
		{B0B72738-10D4-4AC5-AA5E-16670A5A937D}.Release|Any CPU.Build.0 = Release|Any CPU
		{B0B72738-10D4-4AC5-AA5E-16670A5A937D}.Release|Mixed Platforms.ActiveCfg = Release|Any CPU
		{B0B72738-10D4-4AC5-AA5E-16670A5A937D}.Release|Mixed Platforms.Build.0 = Release|Any CPU
		{B0B72738-10D4-4AC5-AA5E-16670A5A937D}.Release|x86.ActiveCfg = Release|Any CPU
		{2B856845-66A6-4F1B-9853-200A494741A2}.Debug|Any CPU.ActiveCfg = Debug|Any CPU
		{2B856845-66A6-4F1B-9853-200A494741A2}.Debug|Any CPU.Build.0 = Debug|Any CPU
		{2B856845-66A6-4F1B-9853-200A494741A2}.Debug|Mixed Platforms.ActiveCfg = Debug|Any CPU
		{2B856845-66A6-4F1B-9853-200A494741A2}.Debug|Mixed Platforms.Build.0 = Debug|Any CPU
		{2B856845-66A6-4F1B-9853-200A494741A2}.Debug|x86.ActiveCfg = Debug|Any CPU
		{2B856845-66A6-4F1B-9853-200A494741A2}.Release|Any CPU.ActiveCfg = Release|Any CPU
		{2B856845-66A6-4F1B-9853-200A494741A2}.Release|Any CPU.Build.0 = Release|Any CPU
		{2B856845-66A6-4F1B-9853-200A494741A2}.Release|Mixed Platforms.ActiveCfg = Release|Any CPU
		{2B856845-66A6-4F1B-9853-200A494741A2}.Release|Mixed Platforms.Build.0 = Release|Any CPU
		{2B856845-66A6-4F1B-9853-200A494741A2}.Release|x86.ActiveCfg = Release|Any CPU
		{12AE7F09-E034-4805-A7A9-2258317ACE3B}.Debug|Any CPU.ActiveCfg = Debug|Any CPU
		{12AE7F09-E034-4805-A7A9-2258317ACE3B}.Debug|Any CPU.Build.0 = Debug|Any CPU
		{12AE7F09-E034-4805-A7A9-2258317ACE3B}.Debug|Mixed Platforms.ActiveCfg = Debug|Any CPU
		{12AE7F09-E034-4805-A7A9-2258317ACE3B}.Debug|Mixed Platforms.Build.0 = Debug|Any CPU
		{12AE7F09-E034-4805-A7A9-2258317ACE3B}.Debug|x86.ActiveCfg = Debug|Any CPU
		{12AE7F09-E034-4805-A7A9-2258317ACE3B}.Release|Any CPU.ActiveCfg = Release|Any CPU
		{12AE7F09-E034-4805-A7A9-2258317ACE3B}.Release|Any CPU.Build.0 = Release|Any CPU
		{12AE7F09-E034-4805-A7A9-2258317ACE3B}.Release|Mixed Platforms.ActiveCfg = Release|Any CPU
		{12AE7F09-E034-4805-A7A9-2258317ACE3B}.Release|Mixed Platforms.Build.0 = Release|Any CPU
		{12AE7F09-E034-4805-A7A9-2258317ACE3B}.Release|x86.ActiveCfg = Release|Any CPU
		{DA4B0252-1207-4D12-8C3D-EA07A5285B58}.Debug|Any CPU.ActiveCfg = Debug|Any CPU
		{DA4B0252-1207-4D12-8C3D-EA07A5285B58}.Debug|Any CPU.Build.0 = Debug|Any CPU
		{DA4B0252-1207-4D12-8C3D-EA07A5285B58}.Debug|Mixed Platforms.ActiveCfg = Debug|Any CPU
		{DA4B0252-1207-4D12-8C3D-EA07A5285B58}.Debug|Mixed Platforms.Build.0 = Debug|Any CPU
		{DA4B0252-1207-4D12-8C3D-EA07A5285B58}.Debug|x86.ActiveCfg = Debug|Any CPU
		{DA4B0252-1207-4D12-8C3D-EA07A5285B58}.Release|Any CPU.ActiveCfg = Release|Any CPU
		{DA4B0252-1207-4D12-8C3D-EA07A5285B58}.Release|Any CPU.Build.0 = Release|Any CPU
		{DA4B0252-1207-4D12-8C3D-EA07A5285B58}.Release|Mixed Platforms.ActiveCfg = Release|Any CPU
		{DA4B0252-1207-4D12-8C3D-EA07A5285B58}.Release|Mixed Platforms.Build.0 = Release|Any CPU
		{DA4B0252-1207-4D12-8C3D-EA07A5285B58}.Release|x86.ActiveCfg = Release|Any CPU
		{5A3D8DF8-AD9C-43D2-B5F7-D4D457EC4FDE}.Debug|Any CPU.ActiveCfg = Debug|Any CPU
		{5A3D8DF8-AD9C-43D2-B5F7-D4D457EC4FDE}.Debug|Any CPU.Build.0 = Debug|Any CPU
		{5A3D8DF8-AD9C-43D2-B5F7-D4D457EC4FDE}.Debug|Mixed Platforms.ActiveCfg = Debug|Any CPU
		{5A3D8DF8-AD9C-43D2-B5F7-D4D457EC4FDE}.Debug|Mixed Platforms.Build.0 = Debug|Any CPU
		{5A3D8DF8-AD9C-43D2-B5F7-D4D457EC4FDE}.Debug|x86.ActiveCfg = Debug|Any CPU
		{5A3D8DF8-AD9C-43D2-B5F7-D4D457EC4FDE}.Release|Any CPU.ActiveCfg = Release|Any CPU
		{5A3D8DF8-AD9C-43D2-B5F7-D4D457EC4FDE}.Release|Any CPU.Build.0 = Release|Any CPU
		{5A3D8DF8-AD9C-43D2-B5F7-D4D457EC4FDE}.Release|Mixed Platforms.ActiveCfg = Release|Any CPU
		{5A3D8DF8-AD9C-43D2-B5F7-D4D457EC4FDE}.Release|Mixed Platforms.Build.0 = Release|Any CPU
		{5A3D8DF8-AD9C-43D2-B5F7-D4D457EC4FDE}.Release|x86.ActiveCfg = Release|Any CPU
		{56868031-8D7B-4E47-9EDF-05192D3E1C46}.Debug|Any CPU.ActiveCfg = Debug|Any CPU
		{56868031-8D7B-4E47-9EDF-05192D3E1C46}.Debug|Any CPU.Build.0 = Debug|Any CPU
		{56868031-8D7B-4E47-9EDF-05192D3E1C46}.Debug|Mixed Platforms.ActiveCfg = Debug|Any CPU
		{56868031-8D7B-4E47-9EDF-05192D3E1C46}.Debug|Mixed Platforms.Build.0 = Debug|Any CPU
		{56868031-8D7B-4E47-9EDF-05192D3E1C46}.Debug|x86.ActiveCfg = Debug|Any CPU
		{56868031-8D7B-4E47-9EDF-05192D3E1C46}.Release|Any CPU.ActiveCfg = Release|Any CPU
		{56868031-8D7B-4E47-9EDF-05192D3E1C46}.Release|Any CPU.Build.0 = Release|Any CPU
		{56868031-8D7B-4E47-9EDF-05192D3E1C46}.Release|Mixed Platforms.ActiveCfg = Release|Any CPU
		{56868031-8D7B-4E47-9EDF-05192D3E1C46}.Release|Mixed Platforms.Build.0 = Release|Any CPU
		{56868031-8D7B-4E47-9EDF-05192D3E1C46}.Release|x86.ActiveCfg = Release|Any CPU
	EndGlobalSection
	GlobalSection(SolutionProperties) = preSolution
		HideSolutionNode = FALSE
	EndGlobalSection
EndGlobal
